<?xml version="1.0" encoding="utf-8"?>
<Project ToolsVersion="4.0" xmlns="http://schemas.microsoft.com/developer/msbuild/2003">
  <ItemGroup>
    <Filter Include="win32">
      <UniqueIdentifier>{84a8ebd7-7cf0-47f6-b75e-d441df67da40}</UniqueIdentifier>
    </Filter>
    <Filter Include="resource">
      <UniqueIdentifier>{715254bc-d70b-4ec5-bf29-467dd3ace079}</UniqueIdentifier>
    </Filter>
    <Filter Include="src">
      <UniqueIdentifier>{bb6c862e-70e9-49d9-81b7-3829a6f50471}</UniqueIdentifier>
    </Filter>
    <Filter Include="src\Sonic">
      <UniqueIdentifier>{f0e82d3d-2dd6-41ed-b391-dccac5348c8d}</UniqueIdentifier>
    </Filter>
  </ItemGroup>
  <ItemGroup>
    <ClCompile Include="main.cpp">
      <Filter>win32</Filter>
    </ClCompile>
    <ClCompile Include="..\Classes\AppDelegate.cpp">
      <Filter>src</Filter>
    </ClCompile>
    <ClCompile Include="..\Classes\HelloWorldScene.cpp">
      <Filter>src</Filter>
    </ClCompile>
    <ClCompile Include="..\Classes\Sonic.cpp">
      <Filter>src\Sonic</Filter>
    </ClCompile>
    <ClCompile Include="..\Classes\SonicData.cpp">
      <Filter>src\Sonic</Filter>
    </ClCompile>
    <ClCompile Include="..\Classes\SonicJumpState.cpp">
      <Filter>src\Sonic</Filter>
    </ClCompile>
    <ClCompile Include="..\Classes\SonicRunFastState.cpp">
      <Filter>src\Sonic</Filter>
    </ClCompile>
    <ClCompile Include="..\Classes\SonicRunNormalState.cpp">
      <Filter>src\Sonic</Filter>
    </ClCompile>
    <ClCompile Include="..\Classes\SonicRunSlowState.cpp">
      <Filter>src\Sonic</Filter>
    </ClCompile>
    <ClCompile Include="..\Classes\SonicState.cpp">
      <Filter>src\Sonic</Filter>
    </ClCompile>
    <ClCompile Include="..\Classes\SonicRollState.cpp">
      <Filter>src\Sonic</Filter>
    </ClCompile>
    <ClCompile Include="..\Classes\SonicFallState.cpp">
      <Filter>src\Sonic</Filter>
    </ClCompile>
    <ClCompile Include="..\Classes\SonicHoldState.cpp">
      <Filter>src\Sonic</Filter>
    </ClCompile>
  </ItemGroup>
  <ItemGroup>
    <ClInclude Include="main.h">
      <Filter>win32</Filter>
    </ClInclude>
    <ClInclude Include="..\Classes\AppDelegate.h">
      <Filter>src</Filter>
    </ClInclude>
    <ClInclude Include="..\Classes\HelloWorldScene.h">
      <Filter>src</Filter>
    </ClInclude>
    <ClInclude Include="..\Classes\Sonic.h">
      <Filter>src\Sonic</Filter>
    </ClInclude>
    <ClInclude Include="..\Classes\SonicData.h">
      <Filter>src\Sonic</Filter>
    </ClInclude>
    <ClInclude Include="..\Classes\SonicJumpState.h">
      <Filter>src\Sonic</Filter>
    </ClInclude>
    <ClInclude Include="..\Classes\SonicRunFastState.h">
      <Filter>src\Sonic</Filter>
    </ClInclude>
    <ClInclude Include="..\Classes\SonicRunNormalState.h">
      <Filter>src\Sonic</Filter>
    </ClInclude>
    <ClInclude Include="..\Classes\SonicRunSlowState.h">
      <Filter>src\Sonic</Filter>
    </ClInclude>
    <ClInclude Include="..\Classes\SonicState.h">
      <Filter>src\Sonic</Filter>
    </ClInclude>
    <ClInclude Include="..\Classes\GameDefine.h">
      <Filter>src</Filter>
    </ClInclude>
    <ClInclude Include="..\Classes\SonicRollState.h">
      <Filter>src\Sonic</Filter>
    </ClInclude>
    <ClInclude Include="..\Classes\SonicFallState.h">
      <Filter>src\Sonic</Filter>
    </ClInclude>
    <ClInclude Include="..\Classes\SonicHoldState.h">
      <Filter>src\Sonic</Filter>
    </ClInclude>
  </ItemGroup>
  <ItemGroup>
    <ResourceCompile Include="game.rc">
      <Filter>resource</Filter>
    </ResourceCompile>
  </ItemGroup>
</Project>