<?xml version="1.0" encoding="utf-8"?>
<Project ToolsVersion="4.0" xmlns="http://schemas.microsoft.com/developer/msbuild/2003">
  <ItemGroup>
    <ClCompile Include="main.cpp" />
    <ClCompile Include="..\Classes\InfiniteParallaxNode.cpp">
      <Filter>Game\GameComponent</Filter>
    </ClCompile>
    <ClCompile Include="..\Classes\MultipleButton.cpp">
      <Filter>Game\GameComponent</Filter>
    </ClCompile>
    <ClCompile Include="..\Classes\MyDialogBox.cpp">
      <Filter>Game\GameComponent</Filter>
    </ClCompile>
    <ClCompile Include="..\Classes\MyUI.cpp">
      <Filter>Game\GameComponent</Filter>
    </ClCompile>
    <ClCompile Include="..\Classes\TapButton.cpp">
      <Filter>Game\GameComponent</Filter>
    </ClCompile>
    <ClCompile Include="..\Classes\Sonic.cpp">
      <Filter>Game\Sonic</Filter>
    </ClCompile>
    <ClCompile Include="..\Classes\SonicCounterState.cpp">
      <Filter>Game\Sonic</Filter>
    </ClCompile>
    <ClCompile Include="..\Classes\SonicData.cpp">
      <Filter>Game\Sonic</Filter>
    </ClCompile>
    <ClCompile Include="..\Classes\SonicDieState.cpp">
      <Filter>Game\Sonic</Filter>
    </ClCompile>
    <ClCompile Include="..\Classes\SonicFallState.cpp">
      <Filter>Game\Sonic</Filter>
    </ClCompile>
    <ClCompile Include="..\Classes\SonicHoldState.cpp">
      <Filter>Game\Sonic</Filter>
    </ClCompile>
    <ClCompile Include="..\Classes\SonicHurtState.cpp">
      <Filter>Game\Sonic</Filter>
    </ClCompile>
    <ClCompile Include="..\Classes\SonicJumpState.cpp">
      <Filter>Game\Sonic</Filter>
    </ClCompile>
    <ClCompile Include="..\Classes\SonicRollChestState.cpp">
      <Filter>Game\Sonic</Filter>
    </ClCompile>
    <ClCompile Include="..\Classes\SonicRollState.cpp">
      <Filter>Game\Sonic</Filter>
    </ClCompile>
    <ClCompile Include="..\Classes\SonicRunFastState.cpp">
      <Filter>Game\Sonic</Filter>
    </ClCompile>
    <ClCompile Include="..\Classes\SonicRunSkipState.cpp">
      <Filter>Game\Sonic</Filter>
    </ClCompile>
    <ClCompile Include="..\Classes\SonicState.cpp">
      <Filter>Game\Sonic</Filter>
    </ClCompile>
    <ClCompile Include="..\Classes\SonicStopState.cpp">
      <Filter>Game\Sonic</Filter>
    </ClCompile>
    <ClCompile Include="..\Classes\LandMonster.cpp">
      <Filter>Game\Monster</Filter>
    </ClCompile>
    <ClCompile Include="..\Classes\SharkMonster.cpp">
      <Filter>Game\Monster</Filter>
    </ClCompile>
    <ClCompile Include="..\Classes\ShieldMonster.cpp">
      <Filter>Game\Monster</Filter>
    </ClCompile>
    <ClCompile Include="..\Classes\MonkeyMonster.cpp">
      <Filter>Game\Monster</Filter>
    </ClCompile>
    <ClCompile Include="..\Classes\FrogMonster.cpp">
      <Filter>Game\Monster</Filter>
    </ClCompile>
    <ClCompile Include="..\Classes\BonusChest.cpp">
      <Filter>Game\Map Object</Filter>
    </ClCompile>
    <ClCompile Include="..\Classes\HoldLand.cpp">
      <Filter>Game\Map Object</Filter>
    </ClCompile>
    <ClCompile Include="..\Classes\Mushroom.cpp">
      <Filter>Game\Map Object</Filter>
    </ClCompile>
    <ClCompile Include="..\Classes\SmallRing.cpp">
      <Filter>Game\Map Object</Filter>
    </ClCompile>
    <ClCompile Include="..\Classes\Level1Scene.cpp">
      <Filter>Game\Scene</Filter>
    </ClCompile>
    <ClCompile Include="..\Classes\LevelMap.cpp">
      <Filter>Game\Scene</Filter>
    </ClCompile>
    <ClCompile Include="..\Classes\LevelScene.cpp">
      <Filter>Game\Scene</Filter>
    </ClCompile>
    <ClCompile Include="..\Classes\LoadScene.cpp">
      <Filter>Game\Scene</Filter>
    </ClCompile>
    <ClCompile Include="..\Classes\LogoScene.cpp">
      <Filter>Game\Scene</Filter>
    </ClCompile>
    <ClCompile Include="..\Classes\MenuScene.cpp">
      <Filter>Game\Scene</Filter>
    </ClCompile>
    <ClCompile Include="..\Classes\TestScene.cpp">
      <Filter>Game\Scene</Filter>
    </ClCompile>
    <ClCompile Include="..\Classes\TurtorialScene.cpp">
      <Filter>Game\Scene</Filter>
    </ClCompile>
    <ClCompile Include="..\Classes\Monster.cpp">
      <Filter>Game\Monster</Filter>
    </ClCompile>
    <ClCompile Include="..\Classes\AppDelegate.cpp">
      <Filter>Game\GameComponent</Filter>
    </ClCompile>
    <ClCompile Include="..\Classes\RingComboScore.cpp">
      <Filter>Game\GameComponent</Filter>
    </ClCompile>
    <ClCompile Include="..\Classes\SonicEndState.cpp">
      <Filter>Game\Sonic</Filter>
    </ClCompile>
    <ClCompile Include="..\Classes\FinishFlag.cpp">
      <Filter>Game\Map Object</Filter>
    </ClCompile>
    <ClCompile Include="..\Classes\FinishLayer.cpp">
      <Filter>Game\GameComponent</Filter>
    </ClCompile>
    <ClCompile Include="..\Classes\SelectMap.cpp">
      <Filter>Game\Scene</Filter>
    </ClCompile>
    <ClCompile Include="..\Classes\Coconut_Monkey.cpp">
      <Filter>Game\Monster</Filter>
    </ClCompile>
    <ClCompile Include="..\Classes\BossDrill.cpp">
      <Filter>Game\Monster\Boss</Filter>
    </ClCompile>
    <ClCompile Include="..\Classes\BossLv1.cpp">
      <Filter>Game\Monster\Boss</Filter>
    </ClCompile>
    <ClCompile Include="..\Classes\BossPlane.cpp">
      <Filter>Game\Monster\Boss</Filter>
    </ClCompile>
    <ClCompile Include="..\Classes\SonicRollSky.cpp">
      <Filter>Game\Sonic</Filter>
    </ClCompile>
    <ClCompile Include="..\Classes\GameOverLayer.cpp">
      <Filter>Game\GameComponent</Filter>
    </ClCompile>
    <ClCompile Include="..\Classes\LevelMapDesert.cpp">
      <Filter>Game\Scene</Filter>
    </ClCompile>
    <ClCompile Include="..\Classes\LevelMapStone.cpp">
      <Filter>Game\Scene</Filter>
    </ClCompile>
    <ClCompile Include="..\Classes\SonicIdleState.cpp">
      <Filter>Game\Sonic</Filter>
    </ClCompile>
    <ClCompile Include="..\Classes\BossScene.cpp">
      <Filter>Game\Scene</Filter>
    </ClCompile>
    <ClCompile Include="..\Classes\SonicChaoState.cpp">
      <Filter>Game\Sonic</Filter>
    </ClCompile>
  </ItemGroup>
  <ItemGroup>
    <ClInclude Include="main.h" />
    <ClInclude Include="..\Classes\GameDefine.h">
      <Filter>Game\GameComponent</Filter>
    </ClInclude>
    <ClInclude Include="..\Classes\GameParticle.h">
      <Filter>Game\GameComponent</Filter>
    </ClInclude>
    <ClInclude Include="..\Classes\InfiniteParallaxNode.h">
      <Filter>Game\GameComponent</Filter>
    </ClInclude>
    <ClInclude Include="..\Classes\MultipleButton.h">
      <Filter>Game\GameComponent</Filter>
    </ClInclude>
    <ClInclude Include="..\Classes\MyDialogBox.h">
      <Filter>Game\GameComponent</Filter>
    </ClInclude>
    <ClInclude Include="..\Classes\MyUI.h">
      <Filter>Game\GameComponent</Filter>
    </ClInclude>
    <ClInclude Include="..\Classes\TapButton.h">
      <Filter>Game\GameComponent</Filter>
    </ClInclude>
    <ClInclude Include="..\Classes\Sonic.h">
      <Filter>Game\Sonic</Filter>
    </ClInclude>
    <ClInclude Include="..\Classes\SonicCounterState.h">
      <Filter>Game\Sonic</Filter>
    </ClInclude>
    <ClInclude Include="..\Classes\SonicData.h">
      <Filter>Game\Sonic</Filter>
    </ClInclude>
    <ClInclude Include="..\Classes\SonicDieState.h">
      <Filter>Game\Sonic</Filter>
    </ClInclude>
    <ClInclude Include="..\Classes\SonicFallState.h">
      <Filter>Game\Sonic</Filter>
    </ClInclude>
    <ClInclude Include="..\Classes\SonicHoldState.h">
      <Filter>Game\Sonic</Filter>
    </ClInclude>
    <ClInclude Include="..\Classes\SonicHurtState.h">
      <Filter>Game\Sonic</Filter>
    </ClInclude>
    <ClInclude Include="..\Classes\SonicJumpState.h">
      <Filter>Game\Sonic</Filter>
    </ClInclude>
    <ClInclude Include="..\Classes\SonicRollChestState.h">
      <Filter>Game\Sonic</Filter>
    </ClInclude>
    <ClInclude Include="..\Classes\SonicRollState.h">
      <Filter>Game\Sonic</Filter>
    </ClInclude>
    <ClInclude Include="..\Classes\SonicRunFastState.h">
      <Filter>Game\Sonic</Filter>
    </ClInclude>
    <ClInclude Include="..\Classes\SonicRunSkipState.h">
      <Filter>Game\Sonic</Filter>
    </ClInclude>
    <ClInclude Include="..\Classes\SonicState.h">
      <Filter>Game\Sonic</Filter>
    </ClInclude>
    <ClInclude Include="..\Classes\SonicStopState.h">
      <Filter>Game\Sonic</Filter>
    </ClInclude>
    <ClInclude Include="..\Classes\LandMonster.h">
      <Filter>Game\Monster</Filter>
    </ClInclude>
    <ClInclude Include="..\Classes\SharkMonster.h">
      <Filter>Game\Monster</Filter>
    </ClInclude>
    <ClInclude Include="..\Classes\ShieldMonster.h">
      <Filter>Game\Monster</Filter>
    </ClInclude>
    <ClInclude Include="..\Classes\MonkeyMonster.h">
      <Filter>Game\Monster</Filter>
    </ClInclude>
    <ClInclude Include="..\Classes\FrogMonster.h">
      <Filter>Game\Monster</Filter>
    </ClInclude>
    <ClInclude Include="..\Classes\BonusChest.h">
      <Filter>Game\Map Object</Filter>
    </ClInclude>
    <ClInclude Include="..\Classes\HoldLand.h">
      <Filter>Game\Map Object</Filter>
    </ClInclude>
    <ClInclude Include="..\Classes\Mushroom.h">
      <Filter>Game\Map Object</Filter>
    </ClInclude>
    <ClInclude Include="..\Classes\SmallRing.h">
      <Filter>Game\Map Object</Filter>
    </ClInclude>
    <ClInclude Include="..\Classes\Level1Scene.h">
      <Filter>Game\Scene</Filter>
    </ClInclude>
    <ClInclude Include="..\Classes\LevelMap.h">
      <Filter>Game\Scene</Filter>
    </ClInclude>
    <ClInclude Include="..\Classes\LevelScene.h">
      <Filter>Game\Scene</Filter>
    </ClInclude>
    <ClInclude Include="..\Classes\LoadScene.h">
      <Filter>Game\Scene</Filter>
    </ClInclude>
    <ClInclude Include="..\Classes\LogoScene.h">
      <Filter>Game\Scene</Filter>
    </ClInclude>
    <ClInclude Include="..\Classes\MenuScene.h">
      <Filter>Game\Scene</Filter>
    </ClInclude>
    <ClInclude Include="..\Classes\TestScene.h">
      <Filter>Game\Scene</Filter>
    </ClInclude>
    <ClInclude Include="..\Classes\TurtorialScene.h">
      <Filter>Game\Scene</Filter>
    </ClInclude>
    <ClInclude Include="..\Classes\Monster.h">
      <Filter>Game\Monster</Filter>
    </ClInclude>
    <ClInclude Include="..\Classes\AppDelegate.h">
      <Filter>Game\GameComponent</Filter>
    </ClInclude>
    <ClInclude Include="..\Classes\RingComboScore.h">
      <Filter>Game\GameComponent</Filter>
    </ClInclude>
    <ClInclude Include="..\Classes\SonicEndState.h">
      <Filter>Game\Sonic</Filter>
    </ClInclude>
    <ClInclude Include="..\Classes\FinishFlag.h">
      <Filter>Game\Map Object</Filter>
    </ClInclude>
    <ClInclude Include="..\Classes\FinishLayer.h">
      <Filter>Game\GameComponent</Filter>
    </ClInclude>
    <ClInclude Include="..\Classes\SelectMap.h">
      <Filter>Game\Scene</Filter>
    </ClInclude>
    <ClInclude Include="..\Classes\Coconut_Monkey.h">
      <Filter>Game\Monster</Filter>
    </ClInclude>
    <ClInclude Include="..\Classes\BossDrill.h">
      <Filter>Game\Monster\Boss</Filter>
    </ClInclude>
    <ClInclude Include="..\Classes\BossLv1.h">
      <Filter>Game\Monster\Boss</Filter>
    </ClInclude>
    <ClInclude Include="..\Classes\BossPlane.h">
      <Filter>Game\Monster\Boss</Filter>
    </ClInclude>
    <ClInclude Include="..\Classes\SonicRollSky.h">
      <Filter>Game\Sonic</Filter>
    </ClInclude>
    <ClInclude Include="..\Classes\GameOverLayer.h">
      <Filter>Game\GameComponent</Filter>
    </ClInclude>
    <ClInclude Include="..\Classes\LevelMapDesert.h">
      <Filter>Game\Scene</Filter>
    </ClInclude>
    <ClInclude Include="..\Classes\LevelMapStone.h">
      <Filter>Game\Scene</Filter>
    </ClInclude>
    <ClInclude Include="..\Classes\SonicIdleState.h">
      <Filter>Game\Sonic</Filter>
    </ClInclude>
    <ClInclude Include="..\Classes\BossScene.h">
      <Filter>Game\Scene</Filter>
    </ClInclude>
    <ClInclude Include="..\Classes\SonicChaoState.h">
      <Filter>Game\Sonic</Filter>
    </ClInclude>
  </ItemGroup>
  <ItemGroup>
    <ResourceCompile Include="game.rc" />
  </ItemGroup>
  <ItemGroup>
    <Filter Include="Game">
      <UniqueIdentifier>{1da092ee-2071-4ff3-a4ac-a437ba35405f}</UniqueIdentifier>
    </Filter>
    <Filter Include="Game\GameComponent">
      <UniqueIdentifier>{b02b0d0b-8199-454d-96de-b1888e38ffb0}</UniqueIdentifier>
    </Filter>
    <Filter Include="Game\Sonic">
      <UniqueIdentifier>{499722d7-4eb0-42be-abb3-e4bd03b3d42f}</UniqueIdentifier>
    </Filter>
    <Filter Include="Game\Monster">
      <UniqueIdentifier>{7189ced5-586a-4491-a5f6-df832fe8e207}</UniqueIdentifier>
    </Filter>
    <Filter Include="Game\Map Object">
      <UniqueIdentifier>{7d9e1806-020d-47a9-abd8-49bec5fc7b05}</UniqueIdentifier>
    </Filter>
    <Filter Include="Game\Scene">
      <UniqueIdentifier>{9b806f72-5d9c-4ff5-8546-892be3030db1}</UniqueIdentifier>
    </Filter>
    <Filter Include="Game\Monster\Boss">
      <UniqueIdentifier>{1f142156-06d5-4715-a556-a9b2a9cede7d}</UniqueIdentifier>
    </Filter>
  </ItemGroup>
</Project>